
Microsoft Visual Studio Solution File, Format Version 12.00
# Visual Studio Version 17
VisualStudioVersion = 17.0.31903.59
MinimumVisualStudioVersion = 10.0.40219.1
Project("{2150E333-8FDC-42A3-9474-1A3956D46DE8}") = "src", "src", "{827E0CD3-B72D-47B6-A68D-7590B98EB39B}"
EndProject
Project("{FAE04EC0-301F-11D3-BF4B-00C04F79EFBC}") = "EnglishAI.Domain", "src\EnglishAI.Domain\EnglishAI.Domain.csproj", "{93F89E62-3177-4997-B338-820C56BB2D51}"
EndProject
Project("{FAE04EC0-301F-11D3-BF4B-00C04F79EFBC}") = "EnglishAI.Application", "src\EnglishAI.Application\EnglishAI.Application.csproj", "{05C5C419-3043-4D2D-B134-557997A216C8}"
EndProject
Project("{FAE04EC0-301F-11D3-BF4B-00C04F79EFBC}") = "EnglishAI.Infrastructure", "src\EnglishAI.Infrastructure\EnglishAI.Infrastructure.csproj", "{B6FD9F8F-7B57-48DB-8C7D-3A4CC0244CCA}"
EndProject
Project("{FAE04EC0-301F-11D3-BF4B-00C04F79EFBC}") = "EnglishAI.Shared", "src\EnglishAI.Shared\EnglishAI.Shared.csproj", "{2BBB8AA7-5F50-4817-9A2E-4D54E238AFA9}"
EndProject
Project("{FAE04EC0-301F-11D3-BF4B-00C04F79EFBC}") = "EnglishAI.API", "src\EnglishAI.API\EnglishAI.API.csproj", "{932BA378-E836-4325-876F-5067FB5A53DF}"
EndProject
Project("{2150E333-8FDC-42A3-9474-1A3956D46DE8}") = "tests", "tests", "{0AB3BF05-4346-4AA6-1389-037BE0695223}"
EndProject
Project("{FAE04EC0-301F-11D3-BF4B-00C04F79EFBC}") = "EnglishAI.UnitTests", "tests\EnglishAI.UnitTests\EnglishAI.UnitTests.csproj", "{5AEA4EAB-7829-4961-93F5-B5681FE56EF4}"
EndProject
Project("{FAE04EC0-301F-11D3-BF4B-00C04F79EFBC}") = "EnglishAI.IntegrationTests", "tests\EnglishAI.IntegrationTests\EnglishAI.IntegrationTests.csproj", "{88438ED0-4FF7-4C0E-A68C-37B3C1BC1109}"
EndProject
Project("{FAE04EC0-301F-11D3-BF4B-00C04F79EFBC}") = "EnglishAI.ArchTests", "tests\EnglishAI.ArchTests\EnglishAI.ArchTests.csproj", "{66DC9A8D-F4BE-4924-938C-033309520437}"
EndProject
Global
	GlobalSection(SolutionConfigurationPlatforms) = preSolution
		Debug|Any CPU = Debug|Any CPU
		Debug|x64 = Debug|x64
		Debug|x86 = Debug|x86
		Release|Any CPU = Release|Any CPU
		Release|x64 = Release|x64
		Release|x86 = Release|x86
	EndGlobalSection
	GlobalSection(ProjectConfigurationPlatforms) = postSolution
		{93F89E62-3177-4997-B338-820C56BB2D51}.Debug|Any CPU.ActiveCfg = Debug|Any CPU
		{93F89E62-3177-4997-B338-820C56BB2D51}.Debug|Any CPU.Build.0 = Debug|Any CPU
		{93F89E62-3177-4997-B338-820C56BB2D51}.Debug|x64.ActiveCfg = Debug|Any CPU
		{93F89E62-3177-4997-B338-820C56BB2D51}.Debug|x64.Build.0 = Debug|Any CPU
		{93F89E62-3177-4997-B338-820C56BB2D51}.Debug|x86.ActiveCfg = Debug|Any CPU
		{93F89E62-3177-4997-B338-820C56BB2D51}.Debug|x86.Build.0 = Debug|Any CPU
		{93F89E62-3177-4997-B338-820C56BB2D51}.Release|Any CPU.ActiveCfg = Release|Any CPU
		{93F89E62-3177-4997-B338-820C56BB2D51}.Release|Any CPU.Build.0 = Release|Any CPU
		{93F89E62-3177-4997-B338-820C56BB2D51}.Release|x64.ActiveCfg = Release|Any CPU
		{93F89E62-3177-4997-B338-820C56BB2D51}.Release|x64.Build.0 = Release|Any CPU
		{93F89E62-3177-4997-B338-820C56BB2D51}.Release|x86.ActiveCfg = Release|Any CPU
		{93F89E62-3177-4997-B338-820C56BB2D51}.Release|x86.Build.0 = Release|Any CPU
		{05C5C419-3043-4D2D-B134-557997A216C8}.Debug|Any CPU.ActiveCfg = Debug|Any CPU
		{05C5C419-3043-4D2D-B134-557997A216C8}.Debug|Any CPU.Build.0 = Debug|Any CPU
		{05C5C419-3043-4D2D-B134-557997A216C8}.Debug|x64.ActiveCfg = Debug|Any CPU
		{05C5C419-3043-4D2D-B134-557997A216C8}.Debug|x64.Build.0 = Debug|Any CPU
		{05C5C419-3043-4D2D-B134-557997A216C8}.Debug|x86.ActiveCfg = Debug|Any CPU
		{05C5C419-3043-4D2D-B134-557997A216C8}.Debug|x86.Build.0 = Debug|Any CPU
		{05C5C419-3043-4D2D-B134-557997A216C8}.Release|Any CPU.ActiveCfg = Release|Any CPU
		{05C5C419-3043-4D2D-B134-557997A216C8}.Release|Any CPU.Build.0 = Release|Any CPU
		{05C5C419-3043-4D2D-B134-557997A216C8}.Release|x64.ActiveCfg = Release|Any CPU
		{05C5C419-3043-4D2D-B134-557997A216C8}.Release|x64.Build.0 = Release|Any CPU
		{05C5C419-3043-4D2D-B134-557997A216C8}.Release|x86.ActiveCfg = Release|Any CPU
		{05C5C419-3043-4D2D-B134-557997A216C8}.Release|x86.Build.0 = Release|Any CPU
		{B6FD9F8F-7B57-48DB-8C7D-3A4CC0244CCA}.Debug|Any CPU.ActiveCfg = Debug|Any CPU
		{B6FD9F8F-7B57-48DB-8C7D-3A4CC0244CCA}.Debug|Any CPU.Build.0 = Debug|Any CPU
		{B6FD9F8F-7B57-48DB-8C7D-3A4CC0244CCA}.Debug|x64.ActiveCfg = Debug|Any CPU
		{B6FD9F8F-7B57-48DB-8C7D-3A4CC0244CCA}.Debug|x64.Build.0 = Debug|Any CPU
		{B6FD9F8F-7B57-48DB-8C7D-3A4CC0244CCA}.Debug|x86.ActiveCfg = Debug|Any CPU
		{B6FD9F8F-7B57-48DB-8C7D-3A4CC0244CCA}.Debug|x86.Build.0 = Debug|Any CPU
		{B6FD9F8F-7B57-48DB-8C7D-3A4CC0244CCA}.Release|Any CPU.ActiveCfg = Release|Any CPU
		{B6FD9F8F-7B57-48DB-8C7D-3A4CC0244CCA}.Release|Any CPU.Build.0 = Release|Any CPU
		{B6FD9F8F-7B57-48DB-8C7D-3A4CC0244CCA}.Release|x64.ActiveCfg = Release|Any CPU
		{B6FD9F8F-7B57-48DB-8C7D-3A4CC0244CCA}.Release|x64.Build.0 = Release|Any CPU
		{B6FD9F8F-7B57-48DB-8C7D-3A4CC0244CCA}.Release|x86.ActiveCfg = Release|Any CPU
		{B6FD9F8F-7B57-48DB-8C7D-3A4CC0244CCA}.Release|x86.Build.0 = Release|Any CPU
		{2BBB8AA7-5F50-4817-9A2E-4D54E238AFA9}.Debug|Any CPU.ActiveCfg = Debug|Any CPU
		{2BBB8AA7-5F50-4817-9A2E-4D54E238AFA9}.Debug|Any CPU.Build.0 = Debug|Any CPU
		{2BBB8AA7-5F50-4817-9A2E-4D54E238AFA9}.Debug|x64.ActiveCfg = Debug|Any CPU
		{2BBB8AA7-5F50-4817-9A2E-4D54E238AFA9}.Debug|x64.Build.0 = Debug|Any CPU
		{2BBB8AA7-5F50-4817-9A2E-4D54E238AFA9}.Debug|x86.ActiveCfg = Debug|Any CPU
		{2BBB8AA7-5F50-4817-9A2E-4D54E238AFA9}.Debug|x86.Build.0 = Debug|Any CPU
		{2BBB8AA7-5F50-4817-9A2E-4D54E238AFA9}.Release|Any CPU.ActiveCfg = Release|Any CPU
		{2BBB8AA7-5F50-4817-9A2E-4D54E238AFA9}.Release|Any CPU.Build.0 = Release|Any CPU
		{2BBB8AA7-5F50-4817-9A2E-4D54E238AFA9}.Release|x64.ActiveCfg = Release|Any CPU
		{2BBB8AA7-5F50-4817-9A2E-4D54E238AFA9}.Release|x64.Build.0 = Release|Any CPU
		{2BBB8AA7-5F50-4817-9A2E-4D54E238AFA9}.Release|x86.ActiveCfg = Release|Any CPU
		{2BBB8AA7-5F50-4817-9A2E-4D54E238AFA9}.Release|x86.Build.0 = Release|Any CPU
		{932BA378-E836-4325-876F-5067FB5A53DF}.Debug|Any CPU.ActiveCfg = Debug|Any CPU
		{932BA378-E836-4325-876F-5067FB5A53DF}.Debug|Any CPU.Build.0 = Debug|Any CPU
		{932BA378-E836-4325-876F-5067FB5A53DF}.Debug|x64.ActiveCfg = Debug|Any CPU
		{932BA378-E836-4325-876F-5067FB5A53DF}.Debug|x64.Build.0 = Debug|Any CPU
		{932BA378-E836-4325-876F-5067FB5A53DF}.Debug|x86.ActiveCfg = Debug|Any CPU
		{932BA378-E836-4325-876F-5067FB5A53DF}.Debug|x86.Build.0 = Debug|Any CPU
		{932BA378-E836-4325-876F-5067FB5A53DF}.Release|Any CPU.ActiveCfg = Release|Any CPU
		{932BA378-E836-4325-876F-5067FB5A53DF}.Release|Any CPU.Build.0 = Release|Any CPU
		{932BA378-E836-4325-876F-5067FB5A53DF}.Release|x64.ActiveCfg = Release|Any CPU
		{932BA378-E836-4325-876F-5067FB5A53DF}.Release|x64.Build.0 = Release|Any CPU
		{932BA378-E836-4325-876F-5067FB5A53DF}.Release|x86.ActiveCfg = Release|Any CPU
		{932BA378-E836-4325-876F-5067FB5A53DF}.Release|x86.Build.0 = Release|Any CPU
		{5AEA4EAB-7829-4961-93F5-B5681FE56EF4}.Debug|Any CPU.ActiveCfg = Debug|Any CPU
		{5AEA4EAB-7829-4961-93F5-B5681FE56EF4}.Debug|Any CPU.Build.0 = Debug|Any CPU
		{5AEA4EAB-7829-4961-93F5-B5681FE56EF4}.Debug|x64.ActiveCfg = Debug|Any CPU
		{5AEA4EAB-7829-4961-93F5-B5681FE56EF4}.Debug|x64.Build.0 = Debug|Any CPU
		{5AEA4EAB-7829-4961-93F5-B5681FE56EF4}.Debug|x86.ActiveCfg = Debug|Any CPU
		{5AEA4EAB-7829-4961-93F5-B5681FE56EF4}.Debug|x86.Build.0 = Debug|Any CPU
		{5AEA4EAB-7829-4961-93F5-B5681FE56EF4}.Release|Any CPU.ActiveCfg = Release|Any CPU
		{5AEA4EAB-7829-4961-93F5-B5681FE56EF4}.Release|Any CPU.Build.0 = Release|Any CPU
		{5AEA4EAB-7829-4961-93F5-B5681FE56EF4}.Release|x64.ActiveCfg = Release|Any CPU
		{5AEA4EAB-7829-4961-93F5-B5681FE56EF4}.Release|x64.Build.0 = Release|Any CPU
		{5AEA4EAB-7829-4961-93F5-B5681FE56EF4}.Release|x86.ActiveCfg = Release|Any CPU
		{5AEA4EAB-7829-4961-93F5-B5681FE56EF4}.Release|x86.Build.0 = Release|Any CPU
		{88438ED0-4FF7-4C0E-A68C-37B3C1BC1109}.Debug|Any CPU.ActiveCfg = Debug|Any CPU
		{88438ED0-4FF7-4C0E-A68C-37B3C1BC1109}.Debug|Any CPU.Build.0 = Debug|Any CPU
		{88438ED0-4FF7-4C0E-A68C-37B3C1BC1109}.Debug|x64.ActiveCfg = Debug|Any CPU
		{88438ED0-4FF7-4C0E-A68C-37B3C1BC1109}.Debug|x64.Build.0 = Debug|Any CPU
		{88438ED0-4FF7-4C0E-A68C-37B3C1BC1109}.Debug|x86.ActiveCfg = Debug|Any CPU
		{88438ED0-4FF7-4C0E-A68C-37B3C1BC1109}.Debug|x86.Build.0 = Debug|Any CPU
		{88438ED0-4FF7-4C0E-A68C-37B3C1BC1109}.Release|Any CPU.ActiveCfg = Release|Any CPU
		{88438ED0-4FF7-4C0E-A68C-37B3C1BC1109}.Release|Any CPU.Build.0 = Release|Any CPU
		{88438ED0-4FF7-4C0E-A68C-37B3C1BC1109}.Release|x64.ActiveCfg = Release|Any CPU
		{88438ED0-4FF7-4C0E-A68C-37B3C1BC1109}.Release|x64.Build.0 = Release|Any CPU
		{88438ED0-4FF7-4C0E-A68C-37B3C1BC1109}.Release|x86.ActiveCfg = Release|Any CPU
		{88438ED0-4FF7-4C0E-A68C-37B3C1BC1109}.Release|x86.Build.0 = Release|Any CPU
		{66DC9A8D-F4BE-4924-938C-033309520437}.Debug|Any CPU.ActiveCfg = Debug|Any CPU
		{66DC9A8D-F4BE-4924-938C-033309520437}.Debug|Any CPU.Build.0 = Debug|Any CPU
		{66DC9A8D-F4BE-4924-938C-033309520437}.Debug|x64.ActiveCfg = Debug|Any CPU
		{66DC9A8D-F4BE-4924-938C-033309520437}.Debug|x64.Build.0 = Debug|Any CPU
		{66DC9A8D-F4BE-4924-938C-033309520437}.Debug|x86.ActiveCfg = Debug|Any CPU
		{66DC9A8D-F4BE-4924-938C-033309520437}.Debug|x86.Build.0 = Debug|Any CPU
		{66DC9A8D-F4BE-4924-938C-033309520437}.Release|Any CPU.ActiveCfg = Release|Any CPU
		{66DC9A8D-F4BE-4924-938C-033309520437}.Release|Any CPU.Build.0 = Release|Any CPU
		{66DC9A8D-F4BE-4924-938C-033309520437}.Release|x64.ActiveCfg = Release|Any CPU
		{66DC9A8D-F4BE-4924-938C-033309520437}.Release|x64.Build.0 = Release|Any CPU
		{66DC9A8D-F4BE-4924-938C-033309520437}.Release|x86.ActiveCfg = Release|Any CPU
		{66DC9A8D-F4BE-4924-938C-033309520437}.Release|x86.Build.0 = Release|Any CPU
	EndGlobalSection
	GlobalSection(SolutionProperties) = preSolution
		HideSolutionNode = FALSE
	EndGlobalSection
	GlobalSection(NestedProjects) = preSolution
		{93F89E62-3177-4997-B338-820C56BB2D51} = {827E0CD3-B72D-47B6-A68D-7590B98EB39B}
		{05C5C419-3043-4D2D-B134-557997A216C8} = {827E0CD3-B72D-47B6-A68D-7590B98EB39B}
		{B6FD9F8F-7B57-48DB-8C7D-3A4CC0244CCA} = {827E0CD3-B72D-47B6-A68D-7590B98EB39B}
		{2BBB8AA7-5F50-4817-9A2E-4D54E238AFA9} = {827E0CD3-B72D-47B6-A68D-7590B98EB39B}
		{932BA378-E836-4325-876F-5067FB5A53DF} = {827E0CD3-B72D-47B6-A68D-7590B98EB39B}
		{5AEA4EAB-7829-4961-93F5-B5681FE56EF4} = {0AB3BF05-4346-4AA6-1389-037BE0695223}
		{88438ED0-4FF7-4C0E-A68C-37B3C1BC1109} = {0AB3BF05-4346-4AA6-1389-037BE0695223}
		{66DC9A8D-F4BE-4924-938C-033309520437} = {0AB3BF05-4346-4AA6-1389-037BE0695223}
	EndGlobalSection
EndGlobal
